// !$*UTF8*$!
{
	archiveVersion = 1;
	classes = {
	};
	objectVersion = 56;
	objects = {

/* Begin PBXBuildFile section */
		A1BDD4AB2A8D288800E92194 /* DropdownViewController.swift in Sources */ = {isa = PBXBuildFile; fileRef = A1BDD4AA2A8D288800E92194 /* DropdownViewController.swift */; };
		A1C2E7502A86815E00260D7E /* AppDelegate.swift in Sources */ = {isa = PBXBuildFile; fileRef = A1C2E74F2A86815E00260D7E /* AppDelegate.swift */; };
		A1C2E7522A86815E00260D7E /* SceneDelegate.swift in Sources */ = {isa = PBXBuildFile; fileRef = A1C2E7512A86815E00260D7E /* SceneDelegate.swift */; };
		A1C2E7542A86815E00260D7E /* ViewController.swift in Sources */ = {isa = PBXBuildFile; fileRef = A1C2E7532A86815E00260D7E /* ViewController.swift */; };
		A1C2E7572A86815E00260D7E /* Main.storyboard in Resources */ = {isa = PBXBuildFile; fileRef = A1C2E7552A86815E00260D7E /* Main.storyboard */; };
		A1C2E7592A86815F00260D7E /* Assets.xcassets in Resources */ = {isa = PBXBuildFile; fileRef = A1C2E7582A86815F00260D7E /* Assets.xcassets */; };
		A1C2E75C2A86815F00260D7E /* LaunchScreen.storyboard in Resources */ = {isa = PBXBuildFile; fileRef = A1C2E75A2A86815F00260D7E /* LaunchScreen.storyboard */; };
		A1C2E7642A86816C00260D7E /* AYCover.swift in Sources */ = {isa = PBXBuildFile; fileRef = A1C2E7632A86816C00260D7E /* AYCover.swift */; };
		A1C2E7662A86865600260D7E /* AYPopMenu.swift in Sources */ = {isa = PBXBuildFile; fileRef = A1C2E7652A86865600260D7E /* AYPopMenu.swift */; };
		A1C2E7682A86A7D300260D7E /* AYDropMenu.swift in Sources */ = {isa = PBXBuildFile; fileRef = A1C2E7672A86A7D300260D7E /* AYDropMenu.swift */; };
		A1C2E76A2A888FD800260D7E /* ATContentVC.swift in Sources */ = {isa = PBXBuildFile; fileRef = A1C2E7692A888FD800260D7E /* ATContentVC.swift */; };
/* End PBXBuildFile section */

/* Begin PBXFileReference section */
		A1BDD4AA2A8D288800E92194 /* DropdownViewController.swift */ = {isa = PBXFileReference; lastKnownFileType = sourcecode.swift; path = DropdownViewController.swift; sourceTree = "<group>"; };
		A1C2E74C2A86815E00260D7E /* AYCover.app */ = {isa = PBXFileReference; explicitFileType = wrapper.application; includeInIndex = 0; path = AYCover.app; sourceTree = BUILT_PRODUCTS_DIR; };
		A1C2E74F2A86815E00260D7E /* AppDelegate.swift */ = {isa = PBXFileReference; lastKnownFileType = sourcecode.swift; path = AppDelegate.swift; sourceTree = "<group>"; };
		A1C2E7512A86815E00260D7E /* SceneDelegate.swift */ = {isa = PBXFileReference; lastKnownFileType = sourcecode.swift; path = SceneDelegate.swift; sourceTree = "<group>"; };
		A1C2E7532A86815E00260D7E /* ViewController.swift */ = {isa = PBXFileReference; lastKnownFileType = sourcecode.swift; path = ViewController.swift; sourceTree = "<group>"; };
		A1C2E7562A86815E00260D7E /* Base */ = {isa = PBXFileReference; lastKnownFileType = file.storyboard; name = Base; path = Base.lproj/Main.storyboard; sourceTree = "<group>"; };
		A1C2E7582A86815F00260D7E /* Assets.xcassets */ = {isa = PBXFileReference; lastKnownFileType = folder.assetcatalog; path = Assets.xcassets; sourceTree = "<group>"; };
		A1C2E75B2A86815F00260D7E /* Base */ = {isa = PBXFileReference; lastKnownFileType = file.storyboard; name = Base; path = Base.lproj/LaunchScreen.storyboard; sourceTree = "<group>"; };
		A1C2E75D2A86815F00260D7E /* Info.plist */ = {isa = PBXFileReference; lastKnownFileType = text.plist.xml; path = Info.plist; sourceTree = "<group>"; };
		A1C2E7632A86816C00260D7E /* AYCover.swift */ = {isa = PBXFileReference; lastKnownFileType = sourcecode.swift; path = AYCover.swift; sourceTree = "<group>"; };
		A1C2E7652A86865600260D7E /* AYPopMenu.swift */ = {isa = PBXFileReference; lastKnownFileType = sourcecode.swift; path = AYPopMenu.swift; sourceTree = "<group>"; };
		A1C2E7672A86A7D300260D7E /* AYDropMenu.swift */ = {isa = PBXFileReference; lastKnownFileType = sourcecode.swift; path = AYDropMenu.swift; sourceTree = "<group>"; };
		A1C2E7692A888FD800260D7E /* ATContentVC.swift */ = {isa = PBXFileReference; lastKnownFileType = sourcecode.swift; path = ATContentVC.swift; sourceTree = "<group>"; };
/* End PBXFileReference section */

/* Begin PBXFrameworksBuildPhase section */
		A1C2E7492A86815E00260D7E /* Frameworks */ = {
			isa = PBXFrameworksBuildPhase;
			buildActionMask = 2147483647;
			files = (
			);
			runOnlyForDeploymentPostprocessing = 0;
		};
/* End PBXFrameworksBuildPhase section */

/* Begin PBXGroup section */
		A1C2E7432A86815E00260D7E = {
			isa = PBXGroup;
			children = (
				A1C2E74E2A86815E00260D7E /* AYCover */,
				A1C2E74D2A86815E00260D7E /* Products */,
			);
			sourceTree = "<group>";
		};
		A1C2E74D2A86815E00260D7E /* Products */ = {
			isa = PBXGroup;
			children = (
				A1C2E74C2A86815E00260D7E /* AYCover.app */,
			);
			name = Products;
			sourceTree = "<group>";
		};
		A1C2E74E2A86815E00260D7E /* AYCover */ = {
			isa = PBXGroup;
			children = (
				A1C2E74F2A86815E00260D7E /* AppDelegate.swift */,
				A1C2E7512A86815E00260D7E /* SceneDelegate.swift */,
				A1C2E7532A86815E00260D7E /* ViewController.swift */,
				A1C2E7632A86816C00260D7E /* AYCover.swift */,
				A1C2E7652A86865600260D7E /* AYPopMenu.swift */,
				A1C2E7672A86A7D300260D7E /* AYDropMenu.swift */,
				A1C2E7692A888FD800260D7E /* ATContentVC.swift */,
				A1BDD4AA2A8D288800E92194 /* DropdownViewController.swift */,
				A1C2E7552A86815E00260D7E /* Main.storyboard */,
				A1C2E7582A86815F00260D7E /* Assets.xcassets */,
				A1C2E75A2A86815F00260D7E /* LaunchScreen.storyboard */,
				A1C2E75D2A86815F00260D7E /* Info.plist */,
			);
			path = AYCover;
			sourceTree = "<group>";
		};
/* End PBXGroup section */

/* Begin PBXNativeTarget section */
		A1C2E74B2A86815E00260D7E /* AYCover */ = {
			isa = PBXNativeTarget;
			buildConfigurationList = A1C2E7602A86815F00260D7E /* Build configuration list for PBXNativeTarget "AYCover" */;
			buildPhases = (
				A1C2E7482A86815E00260D7E /* Sources */,
				A1C2E7492A86815E00260D7E /* Frameworks */,
				A1C2E74A2A86815E00260D7E /* Resources */,
			);
			buildRules = (
			);
			dependencies = (
			);
			name = AYCover;
			productName = AYCover;
			productReference = A1C2E74C2A86815E00260D7E /* AYCover.app */;
			productType = "com.apple.product-type.application";
		};
/* End PBXNativeTarget section */

/* Begin PBXProject section */
		A1C2E7442A86815E00260D7E /* Project object */ = {
			isa = PBXProject;
			attributes = {
				BuildIndependentTargetsInParallel = 1;
				LastSwiftUpdateCheck = 1430;
				LastUpgradeCheck = 1430;
				TargetAttributes = {
					A1C2E74B2A86815E00260D7E = {
						CreatedOnToolsVersion = 14.3.1;
					};
				};
			};
			buildConfigurationList = A1C2E7472A86815E00260D7E /* Build configuration list for PBXProject "AYCover" */;
			compatibilityVersion = "Xcode 14.0";
			developmentRegion = en;
			hasScannedForEncodings = 0;
			knownRegions = (
				en,
				Base,
			);
			mainGroup = A1C2E7432A86815E00260D7E;
			productRefGroup = A1C2E74D2A86815E00260D7E /* Products */;
			projectDirPath = "";
			projectRoot = "";
			targets = (
				A1C2E74B2A86815E00260D7E /* AYCover */,
			);
		};
/* End PBXProject section */

/* Begin PBXResourcesBuildPhase section */
		A1C2E74A2A86815E00260D7E /* Resources */ = {
			isa = PBXResourcesBuildPhase;
			buildActionMask = 2147483647;
			files = (
				A1C2E75C2A86815F00260D7E /* LaunchScreen.storyboard in Resources */,
				A1C2E7592A86815F00260D7E /* Assets.xcassets in Resources */,
				A1C2E7572A86815E00260D7E /* Main.storyboard in Resources */,
			);
			runOnlyForDeploymentPostprocessing = 0;
		};
/* End PBXResourcesBuildPhase section */

/* Begin PBXSourcesBuildPhase section */
		A1C2E7482A86815E00260D7E /* Sources */ = {
			isa = PBXSourcesBuildPhase;
			buildActionMask = 2147483647;
			files = (
				A1C2E7662A86865600260D7E /* AYPopMenu.swift in Sources */,
				A1C2E76A2A888FD800260D7E /* ATContentVC.swift in Sources */,
				A1C2E7682A86A7D300260D7E /* AYDropMenu.swift in Sources */,
				A1BDD4AB2A8D288800E92194 /* DropdownViewController.swift in Sources */,
				A1C2E7542A86815E00260D7E /* ViewController.swift in Sources */,
				A1C2E7642A86816C00260D7E /* AYCover.swift in Sources */,
				A1C2E7502A86815E00260D7E /* AppDelegate.swift in Sources */,
				A1C2E7522A86815E00260D7E /* SceneDelegate.swift in Sources */,
			);
			runOnlyForDeploymentPostprocessing = 0;
		};
/* End PBXSourcesBuildPhase section */

/* Begin PBXVariantGroup section */
		A1C2E7552A86815E00260D7E /* Main.storyboard */ = {
			isa = PBXVariantGroup;
			children = (
				A1C2E7562A86815E00260D7E /* Base */,
			);
			name = Main.storyboard;
			sourceTree = "<group>";
		};
		A1C2E75A2A86815F00260D7E /* LaunchScreen.storyboard */ = {
			isa = PBXVariantGroup;
			children = (
				A1C2E75B2A86815F00260D7E /* Base */,
			);
			name = LaunchScreen.storyboard;
			sourceTree = "<group>";
		};
/* End PBXVariantGroup section */

/* Begin XCBuildConfiguration section */
		A1C2E75E2A86815F00260D7E /* Debug */ = {
			isa = XCBuildConfiguration;
			buildSettings = {
				ALWAYS_SEARCH_USER_PATHS = NO;
				CLANG_ANALYZER_NONNULL = YES;
				CLANG_ANALYZER_NUMBER_OBJECT_CONVERSION = YES_AGGRESSIVE;
				CLANG_CXX_LANGUAGE_STANDARD = "gnu++20";
				CLANG_ENABLE_MODULES = YES;
				CLANG_ENABLE_OBJC_ARC = YES;
				CLANG_ENABLE_OBJC_WEAK = YES;
				CLANG_WARN_BLOCK_CAPTURE_AUTORELEASING = YES;
				CLANG_WARN_BOOL_CONVERSION = YES;
				CLANG_WARN_COMMA = YES;
				CLANG_WARN_CONSTANT_CONVERSION = YES;
				CLANG_WARN_DEPRECATED_OBJC_IMPLEMENTATIONS = YES;
				CLANG_WARN_DIRECT_OBJC_ISA_USAGE = YES_ERROR;
				CLANG_WARN_DOCUMENTATION_COMMENTS = YES;
				CLANG_WARN_EMPTY_BODY = YES;
				CLANG_WARN_ENUM_CONVERSION = YES;
				CLANG_WARN_INFINITE_RECURSION = YES;
				CLANG_WARN_INT_CONVERSION = YES;
				CLANG_WARN_NON_LITERAL_NULL_CONVERSION = YES;
				CLANG_WARN_OBJC_IMPLICIT_RETAIN_SELF = YES;
				CLANG_WARN_OBJC_LITERAL_CONVERSION = YES;
				CLANG_WARN_OBJC_ROOT_CLASS = YES_ERROR;
				CLANG_WARN_QUOTED_INCLUDE_IN_FRAMEWORK_HEADER = YES;
				CLANG_WARN_RANGE_LOOP_ANALYSIS = YES;
				CLANG_WARN_STRICT_PROTOTYPES = YES;
				CLANG_WARN_SUSPICIOUS_MOVE = YES;
				CLANG_WARN_UNGUARDED_AVAILABILITY = YES_AGGRESSIVE;
				CLANG_WARN_UNREACHABLE_CODE = YES;
				CLANG_WARN__DUPLICATE_METHOD_MATCH = YES;
				COPY_PHASE_STRIP = NO;
				DEBUG_INFORMATION_FORMAT = dwarf;
				ENABLE_STRICT_OBJC_MSGSEND = YES;
				ENABLE_TESTABILITY = YES;
				GCC_C_LANGUAGE_STANDARD = gnu11;
				GCC_DYNAMIC_NO_PIC = NO;
				GCC_NO_COMMON_BLOCKS = YES;
				GCC_OPTIMIZATION_LEVEL = 0;
				GCC_PREPROCESSOR_DEFINITIONS = (
					"DEBUG=1",
					"$(inherited)",
				);
				GCC_WARN_64_TO_32_BIT_CONVERSION = YES;
				GCC_WARN_ABOUT_RETURN_TYPE = YES_ERROR;
				GCC_WARN_UNDECLARED_SELECTOR = YES;
				GCC_WARN_UNINITIALIZED_AUTOS = YES_AGGRESSIVE;
				GCC_WARN_UNUSED_FUNCTION = YES;
				GCC_WARN_UNUSED_VARIABLE = YES;
				IPHONEOS_DEPLOYMENT_TARGET = 16.4;
				MTL_ENABLE_DEBUG_INFO = INCLUDE_SOURCE;
				MTL_FAST_MATH = YES;
				ONLY_ACTIVE_ARCH = YES;
				SDKROOT = iphoneos;
				SWIFT_ACTIVE_COMPILATION_CONDITIONS = DEBUG;
				SWIFT_OPTIMIZATION_LEVEL = "-Onone";
			};
			name = Debug;
		};
		A1C2E75F2A86815F00260D7E /* Release */ = {
			isa = XCBuildConfiguration;
			buildSettings = {
				ALWAYS_SEARCH_USER_PATHS = NO;
				CLANG_ANALYZER_NONNULL = YES;
				CLANG_ANALYZER_NUMBER_OBJECT_CONVERSION = YES_AGGRESSIVE;
				CLANG_CXX_LANGUAGE_STANDARD = "gnu++20";
				CLANG_ENABLE_MODULES = YES;
				CLANG_ENABLE_OBJC_ARC = YES;
				CLANG_ENABLE_OBJC_WEAK = YES;
				CLANG_WARN_BLOCK_CAPTURE_AUTORELEASING = YES;
				CLANG_WARN_BOOL_CONVERSION = YES;
				CLANG_WARN_COMMA = YES;
				CLANG_WARN_CONSTANT_CONVERSION = YES;
				CLANG_WARN_DEPRECATED_OBJC_IMPLEMENTATIONS = YES;
				CLANG_WARN_DIRECT_OBJC_ISA_USAGE = YES_ERROR;
				CLANG_WARN_DOCUMENTATION_COMMENTS = YES;
				CLANG_WARN_EMPTY_BODY = YES;
				CLANG_WARN_ENUM_CONVERSION = YES;
				CLANG_WARN_INFINITE_RECURSION = YES;
				CLANG_WARN_INT_CONVERSION = YES;
				CLANG_WARN_NON_LITERAL_NULL_CONVERSION = YES;
				CLANG_WARN_OBJC_IMPLICIT_RETAIN_SELF = YES;
				CLANG_WARN_OBJC_LITERAL_CONVERSION = YES;
				CLANG_WARN_OBJC_ROOT_CLASS = YES_ERROR;
				CLANG_WARN_QUOTED_INCLUDE_IN_FRAMEWORK_HEADER = YES;
				CLANG_WARN_RANGE_LOOP_ANALYSIS = YES;
				CLANG_WARN_STRICT_PROTOTYPES = YES;
				CLANG_WARN_SUSPICIOUS_MOVE = YES;
				CLANG_WARN_UNGUARDED_AVAILABILITY = YES_AGGRESSIVE;
				CLANG_WARN_UNREACHABLE_CODE = YES;
				CLANG_WARN__DUPLICATE_METHOD_MATCH = YES;
				COPY_PHASE_STRIP = NO;
				DEBUG_INFORMATION_FORMAT = "dwarf-with-dsym";
				ENABLE_NS_ASSERTIONS = NO;
				ENABLE_STRICT_OBJC_MSGSEND = YES;
				GCC_C_LANGUAGE_STANDARD = gnu11;
				GCC_NO_COMMON_BLOCKS = YES;
				GCC_WARN_64_TO_32_BIT_CONVERSION = YES;
				GCC_WARN_ABOUT_RETURN_TYPE = YES_ERROR;
				GCC_WARN_UNDECLARED_SELECTOR = YES;
				GCC_WARN_UNINITIALIZED_AUTOS = YES_AGGRESSIVE;
				GCC_WARN_UNUSED_FUNCTION = YES;
				GCC_WARN_UNUSED_VARIABLE = YES;
				IPHONEOS_DEPLOYMENT_TARGET = 16.4;
				MTL_ENABLE_DEBUG_INFO = NO;
				MTL_FAST_MATH = YES;
				SDKROOT = iphoneos;
				SWIFT_COMPILATION_MODE = wholemodule;
				SWIFT_OPTIMIZATION_LEVEL = "-O";
				VALIDATE_PRODUCT = YES;
			};
			name = Release;
		};
		A1C2E7612A86815F00260D7E /* Debug */ = {
			isa = XCBuildConfiguration;
			buildSettings = {
				ASSETCATALOG_COMPILER_APPICON_NAME = AppIcon;
				ASSETCATALOG_COMPILER_GLOBAL_ACCENT_COLOR_NAME = AccentColor;
				CODE_SIGN_STYLE = Automatic;
				CURRENT_PROJECT_VERSION = 1;
				GENERATE_INFOPLIST_FILE = YES;
				INFOPLIST_FILE = AYCover/Info.plist;
				INFOPLIST_KEY_UIApplicationSupportsIndirectInputEvents = YES;
				INFOPLIST_KEY_UILaunchStoryboardName = LaunchScreen;
				INFOPLIST_KEY_UIMainStoryboardFile = Main;
				INFOPLIST_KEY_UISupportedInterfaceOrientations_iPad = "UIInterfaceOrientationPortrait UIInterfaceOrientationPortraitUpsideDown UIInterfaceOrientationLandscapeLeft UIInterfaceOrientationLandscapeRight";
				INFOPLIST_KEY_UISupportedInterfaceOrientations_iPhone = "UIInterfaceOrientationPortrait UIInterfaceOrientationLandscapeLeft UIInterfaceOrientationLandscapeRight";
				IPHONEOS_DEPLOYMENT_TARGET = 13.0;
				LD_RUNPATH_SEARCH_PATHS = (
					"$(inherited)",
					"@executable_path/Frameworks",
				);
				MARKETING_VERSION = 1.0;
				PRODUCT_BUNDLE_IDENTIFIER = com.andy.www.AYCover;
				PRODUCT_NAME = "$(TARGET_NAME)";
				SWIFT_EMIT_LOC_STRINGS = YES;
				SWIFT_VERSION = 5.0;
				TARGETED_DEVICE_FAMILY = "1,2";
			};
			name = Debug;
		};
		A1C2E7622A86815F00260D7E /* Release */ = {
			isa = XCBuildConfiguration;
			buildSettings = {
				ASSETCATALOG_COMPILER_APPICON_NAME = AppIcon;
				ASSETCATALOG_COMPILER_GLOBAL_ACCENT_COLOR_NAME = AccentColor;
				CODE_SIGN_STYLE = Automatic;
				CURRENT_PROJECT_VERSION = 1;
				GENERATE_INFOPLIST_FILE = YES;
				INFOPLIST_FILE = AYCover/Info.plist;
				INFOPLIST_KEY_UIApplicationSupportsIndirectInputEvents = YES;
				INFOPLIST_KEY_UILaunchStoryboardName = LaunchScreen;
				INFOPLIST_KEY_UIMainStoryboardFile = Main;
				INFOPLIST_KEY_UISupportedInterfaceOrientations_iPad = "UIInterfaceOrientationPortrait UIInterfaceOrientationPortraitUpsideDown UIInterfaceOrientationLandscapeLeft UIInterfaceOrientationLandscapeRight";
				INFOPLIST_KEY_UISupportedInterfaceOrientations_iPhone = "UIInterfaceOrientationPortrait UIInterfaceOrientationLandscapeLeft UIInterfaceOrientationLandscapeRight";
				IPHONEOS_DEPLOYMENT_TARGET = 13.0;
				LD_RUNPATH_SEARCH_PATHS = (
					"$(inherited)",
					"@executable_path/Frameworks",
				);
				MARKETING_VERSION = 1.0;
				PRODUCT_BUNDLE_IDENTIFIER = com.andy.www.AYCover;
				PRODUCT_NAME = "$(TARGET_NAME)";
				SWIFT_EMIT_LOC_STRINGS = YES;
				SWIFT_VERSION = 5.0;
				TARGETED_DEVICE_FAMILY = "1,2";
			};
			name = Release;
		};
/* End XCBuildConfiguration section */

/* Begin XCConfigurationList section */
		A1C2E7472A86815E00260D7E /* Build configuration list for PBXProject "AYCover" */ = {
			isa = XCConfigurationList;
			buildConfigurations = (
				A1C2E75E2A86815F00260D7E /* Debug */,
				A1C2E75F2A86815F00260D7E /* Release */,
			);
			defaultConfigurationIsVisible = 0;
			defaultConfigurationName = Release;
		};
		A1C2E7602A86815F00260D7E /* Build configuration list for PBXNativeTarget "AYCover" */ = {
			isa = XCConfigurationList;
			buildConfigurations = (
				A1C2E7612A86815F00260D7E /* Debug */,
				A1C2E7622A86815F00260D7E /* Release */,
			);
			defaultConfigurationIsVisible = 0;
			defaultConfigurationName = Release;
		};
/* End XCConfigurationList section */
	};
	rootObject = A1C2E7442A86815E00260D7E /* Project object */;
}
